
Microsoft Visual Studio Solution File, Format Version 12.00
# Visual Studio Version 16
VisualStudioVersion = 16.0.31105.61
MinimumVisualStudioVersion = 10.0.40219.1
Project("{9A19103F-16F7-4668-BE54-9A1E7A4F7556}") = "PolovniAutomobili", "PolovniAutomobili\PolovniAutomobili.csproj", "{317D29DF-6DD6-4FA5-B2AA-902CD0650423}"
EndProject
Project("{9A19103F-16F7-4668-BE54-9A1E7A4F7556}") = "PolovniAutomobili.Core", "PolovniAutomobili.Core\PolovniAutomobili.Core.csproj", "{1313142F-DE50-4472-A82A-B8297F3A6949}"
EndProject
Project("{9A19103F-16F7-4668-BE54-9A1E7A4F7556}") = "PolovniAutomobili.Data", "PolovniAutomobili.Data\PolovniAutomobili.Data.csproj", "{4C3487DF-F89C-4BC1-B23E-205E587489D1}"
EndProject
Global
	GlobalSection(SolutionConfigurationPlatforms) = preSolution
		Debug|Any CPU = Debug|Any CPU
		Release|Any CPU = Release|Any CPU
	EndGlobalSection
	GlobalSection(ProjectConfigurationPlatforms) = postSolution
		{317D29DF-6DD6-4FA5-B2AA-902CD0650423}.Debug|Any CPU.ActiveCfg = Debug|Any CPU
		{317D29DF-6DD6-4FA5-B2AA-902CD0650423}.Debug|Any CPU.Build.0 = Debug|Any CPU
		{317D29DF-6DD6-4FA5-B2AA-902CD0650423}.Release|Any CPU.ActiveCfg = Release|Any CPU
		{317D29DF-6DD6-4FA5-B2AA-902CD0650423}.Release|Any CPU.Build.0 = Release|Any CPU
		{1313142F-DE50-4472-A82A-B8297F3A6949}.Debug|Any CPU.ActiveCfg = Debug|Any CPU
		{1313142F-DE50-4472-A82A-B8297F3A6949}.Debug|Any CPU.Build.0 = Debug|Any CPU
		{1313142F-DE50-4472-A82A-B8297F3A6949}.Release|Any CPU.ActiveCfg = Release|Any CPU
		{1313142F-DE50-4472-A82A-B8297F3A6949}.Release|Any CPU.Build.0 = Release|Any CPU
		{4C3487DF-F89C-4BC1-B23E-205E587489D1}.Debug|Any CPU.ActiveCfg = Debug|Any CPU
		{4C3487DF-F89C-4BC1-B23E-205E587489D1}.Debug|Any CPU.Build.0 = Debug|Any CPU
		{4C3487DF-F89C-4BC1-B23E-205E587489D1}.Release|Any CPU.ActiveCfg = Release|Any CPU
		{4C3487DF-F89C-4BC1-B23E-205E587489D1}.Release|Any CPU.Build.0 = Release|Any CPU
	EndGlobalSection
	GlobalSection(SolutionProperties) = preSolution
		HideSolutionNode = FALSE
	EndGlobalSection
	GlobalSection(ExtensibilityGlobals) = postSolution
		SolutionGuid = {1427E410-476D-427B-A087-8C1C96D4EFE9}
	EndGlobalSection
EndGlobal
